
Microsoft Visual Studio Solution File, Format Version 12.00
# Visual Studio Version 17
VisualStudioVersion = 17.9.34407.89
MinimumVisualStudioVersion = 10.0.40219.1
Project("{FAE04EC0-301F-11D3-BF4B-00C04F79EFBC}") = "BulkyWeb", "BulkyWeb\BulkyWeb.csproj", "{0DEA2339-BBF9-4D13-A40F-450EEE3C85B9}"
EndProject
Global
	GlobalSection(SolutionConfigurationPlatforms) = preSolution
		Debug|Any CPU = Debug|Any CPU
		Release|Any CPU = Release|Any CPU
	EndGlobalSection
	GlobalSection(ProjectConfigurationPlatforms) = postSolution
		{0DEA2339-BBF9-4D13-A40F-450EEE3C85B9}.Debug|Any CPU.ActiveCfg = Debug|Any CPU
		{0DEA2339-BBF9-4D13-A40F-450EEE3C85B9}.Debug|Any CPU.Build.0 = Debug|Any CPU
		{0DEA2339-BBF9-4D13-A40F-450EEE3C85B9}.Release|Any CPU.ActiveCfg = Release|Any CPU
		{0DEA2339-BBF9-4D13-A40F-450EEE3C85B9}.Release|Any CPU.Build.0 = Release|Any CPU
	EndGlobalSection
	GlobalSection(SolutionProperties) = preSolution
		HideSolutionNode = FALSE
	EndGlobalSection
	GlobalSection(ExtensibilityGlobals) = postSolution
		SolutionGuid = {46C84241-46C5-44C4-BEEA-60DCD5160F2A}
	EndGlobalSection
EndGlobal
